
Microsoft Visual Studio Solution File, Format Version 12.00
# Visual Studio Version 16
VisualStudioVersion = 16.0.29613.14
MinimumVisualStudioVersion = 10.0.40219.1
Project("{FAE04EC0-301F-11D3-BF4B-00C04F79EFBC}") = "WindowsFormsApp4", "WindowsFormsApp4\WindowsFormsApp4.csproj", "{96EBBC3B-57D8-486B-99A0-4BD387D92421}"
EndProject
Global
	GlobalSection(SolutionConfigurationPlatforms) = preSolution
		Debug|Any CPU = Debug|Any CPU
		Release|Any CPU = Release|Any CPU
	EndGlobalSection
	GlobalSection(ProjectConfigurationPlatforms) = postSolution
		{96EBBC3B-57D8-486B-99A0-4BD387D92421}.Debug|Any CPU.ActiveCfg = Debug|Any CPU
		{96EBBC3B-57D8-486B-99A0-4BD387D92421}.Debug|Any CPU.Build.0 = Debug|Any CPU
		{96EBBC3B-57D8-486B-99A0-4BD387D92421}.Release|Any CPU.ActiveCfg = Release|Any CPU
		{96EBBC3B-57D8-486B-99A0-4BD387D92421}.Release|Any CPU.Build.0 = Release|Any CPU
	EndGlobalSection
	GlobalSection(SolutionProperties) = preSolution
		HideSolutionNode = FALSE
	EndGlobalSection
	GlobalSection(ExtensibilityGlobals) = postSolution
		SolutionGuid = {EECF02F7-D79C-4F4F-889B-0912C5D3437C}
	EndGlobalSection
EndGlobal
