
Microsoft Visual Studio Solution File, Format Version 12.00
# Visual Studio Version 16
VisualStudioVersion = 16.0.29521.150
MinimumVisualStudioVersion = 10.0.40219.1
Project("{9A19103F-16F7-4668-BE54-9A1E7A4F7556}") = "p1", "p1\p1.csproj", "{BFF016E8-D959-442E-A196-7A87F32D87ED}"
EndProject
Project("{9A19103F-16F7-4668-BE54-9A1E7A4F7556}") = "t1", "t1\t1.csproj", "{33C7D7AC-9A0F-4CED-8A53-3B51084059AF}"
EndProject
Project("{FAE04EC0-301F-11D3-BF4B-00C04F79EFBC}") = "p2", "p2\p2.csproj", "{B832D7D7-964A-4589-9C53-94DEE391125B}"
EndProject
Project("{9A19103F-16F7-4668-BE54-9A1E7A4F7556}") = "d1", "d1\d1.csproj", "{642EBF25-4C68-449A-A3C5-35CE287183F1}"
EndProject
Project("{9A19103F-16F7-4668-BE54-9A1E7A4F7556}") = "d2", "d2\d2.csproj", "{DD6AB861-190D-4178-9849-B2A168804F71}"
EndProject
Project("{9A19103F-16F7-4668-BE54-9A1E7A4F7556}") = "TEST memory maping", "TEST\TEST memory maping.csproj", "{C7B91F32-20BA-46B3-89F2-251E1B93A7F6}"
EndProject
Project("{9A19103F-16F7-4668-BE54-9A1E7A4F7556}") = "s1", "s1\s1.csproj", "{796E55FE-902B-4F5E-A0C9-BAEA18130E80}"
EndProject
Project("{9A19103F-16F7-4668-BE54-9A1E7A4F7556}") = "TEST Services", "TEST Services\TEST Services.csproj", "{54BA0EEE-984B-4F5D-ACC0-E5431830E12D}"
EndProject
Project("{FAE04EC0-301F-11D3-BF4B-00C04F79EFBC}") = "s2", "s2\s2.csproj", "{CE14481C-1FAC-4EDB-8C7B-8D7CB597F8AF}"
EndProject
Global
	GlobalSection(SolutionConfigurationPlatforms) = preSolution
		Debug|Any CPU = Debug|Any CPU
		Release|Any CPU = Release|Any CPU
	EndGlobalSection
	GlobalSection(ProjectConfigurationPlatforms) = postSolution
		{BFF016E8-D959-442E-A196-7A87F32D87ED}.Debug|Any CPU.ActiveCfg = Debug|Any CPU
		{BFF016E8-D959-442E-A196-7A87F32D87ED}.Debug|Any CPU.Build.0 = Debug|Any CPU
		{BFF016E8-D959-442E-A196-7A87F32D87ED}.Release|Any CPU.ActiveCfg = Release|Any CPU
		{BFF016E8-D959-442E-A196-7A87F32D87ED}.Release|Any CPU.Build.0 = Release|Any CPU
		{33C7D7AC-9A0F-4CED-8A53-3B51084059AF}.Debug|Any CPU.ActiveCfg = Debug|Any CPU
		{33C7D7AC-9A0F-4CED-8A53-3B51084059AF}.Debug|Any CPU.Build.0 = Debug|Any CPU
		{33C7D7AC-9A0F-4CED-8A53-3B51084059AF}.Release|Any CPU.ActiveCfg = Release|Any CPU
		{33C7D7AC-9A0F-4CED-8A53-3B51084059AF}.Release|Any CPU.Build.0 = Release|Any CPU
		{B832D7D7-964A-4589-9C53-94DEE391125B}.Debug|Any CPU.ActiveCfg = Debug|Any CPU
		{B832D7D7-964A-4589-9C53-94DEE391125B}.Debug|Any CPU.Build.0 = Debug|Any CPU
		{B832D7D7-964A-4589-9C53-94DEE391125B}.Release|Any CPU.ActiveCfg = Release|Any CPU
		{B832D7D7-964A-4589-9C53-94DEE391125B}.Release|Any CPU.Build.0 = Release|Any CPU
		{642EBF25-4C68-449A-A3C5-35CE287183F1}.Debug|Any CPU.ActiveCfg = Debug|Any CPU
		{642EBF25-4C68-449A-A3C5-35CE287183F1}.Debug|Any CPU.Build.0 = Debug|Any CPU
		{642EBF25-4C68-449A-A3C5-35CE287183F1}.Release|Any CPU.ActiveCfg = Release|Any CPU
		{642EBF25-4C68-449A-A3C5-35CE287183F1}.Release|Any CPU.Build.0 = Release|Any CPU
		{DD6AB861-190D-4178-9849-B2A168804F71}.Debug|Any CPU.ActiveCfg = Debug|Any CPU
		{DD6AB861-190D-4178-9849-B2A168804F71}.Debug|Any CPU.Build.0 = Debug|Any CPU
		{DD6AB861-190D-4178-9849-B2A168804F71}.Release|Any CPU.ActiveCfg = Release|Any CPU
		{DD6AB861-190D-4178-9849-B2A168804F71}.Release|Any CPU.Build.0 = Release|Any CPU
		{C7B91F32-20BA-46B3-89F2-251E1B93A7F6}.Debug|Any CPU.ActiveCfg = Debug|Any CPU
		{C7B91F32-20BA-46B3-89F2-251E1B93A7F6}.Debug|Any CPU.Build.0 = Debug|Any CPU
		{C7B91F32-20BA-46B3-89F2-251E1B93A7F6}.Release|Any CPU.ActiveCfg = Release|Any CPU
		{C7B91F32-20BA-46B3-89F2-251E1B93A7F6}.Release|Any CPU.Build.0 = Release|Any CPU
		{796E55FE-902B-4F5E-A0C9-BAEA18130E80}.Debug|Any CPU.ActiveCfg = Debug|Any CPU
		{796E55FE-902B-4F5E-A0C9-BAEA18130E80}.Debug|Any CPU.Build.0 = Debug|Any CPU
		{796E55FE-902B-4F5E-A0C9-BAEA18130E80}.Release|Any CPU.ActiveCfg = Release|Any CPU
		{796E55FE-902B-4F5E-A0C9-BAEA18130E80}.Release|Any CPU.Build.0 = Release|Any CPU
		{54BA0EEE-984B-4F5D-ACC0-E5431830E12D}.Debug|Any CPU.ActiveCfg = Debug|Any CPU
		{54BA0EEE-984B-4F5D-ACC0-E5431830E12D}.Debug|Any CPU.Build.0 = Debug|Any CPU
		{54BA0EEE-984B-4F5D-ACC0-E5431830E12D}.Release|Any CPU.ActiveCfg = Release|Any CPU
		{54BA0EEE-984B-4F5D-ACC0-E5431830E12D}.Release|Any CPU.Build.0 = Release|Any CPU
		{CE14481C-1FAC-4EDB-8C7B-8D7CB597F8AF}.Debug|Any CPU.ActiveCfg = Debug|Any CPU
		{CE14481C-1FAC-4EDB-8C7B-8D7CB597F8AF}.Debug|Any CPU.Build.0 = Debug|Any CPU
		{CE14481C-1FAC-4EDB-8C7B-8D7CB597F8AF}.Release|Any CPU.ActiveCfg = Release|Any CPU
		{CE14481C-1FAC-4EDB-8C7B-8D7CB597F8AF}.Release|Any CPU.Build.0 = Release|Any CPU
	EndGlobalSection
	GlobalSection(SolutionProperties) = preSolution
		HideSolutionNode = FALSE
	EndGlobalSection
	GlobalSection(ExtensibilityGlobals) = postSolution
		SolutionGuid = {4DEF0BA5-983A-4F53-BE86-465F9FFF7192}
	EndGlobalSection
EndGlobal
