
Microsoft Visual Studio Solution File, Format Version 12.00
# Visual Studio Version 16
VisualStudioVersion = 16.0.29521.150
MinimumVisualStudioVersion = 10.0.40219.1
Project("{9A19103F-16F7-4668-BE54-9A1E7A4F7556}") = "p1", "p1\p1.csproj", "{BFF016E8-D959-442E-A196-7A87F32D87ED}"
EndProject
Project("{9A19103F-16F7-4668-BE54-9A1E7A4F7556}") = "t1", "t1\t1.csproj", "{33C7D7AC-9A0F-4CED-8A53-3B51084059AF}"
EndProject
Project("{FAE04EC0-301F-11D3-BF4B-00C04F79EFBC}") = "p2", "p2\p2.csproj", "{B832D7D7-964A-4589-9C53-94DEE391125B}"
EndProject
Project("{FAE04EC0-301F-11D3-BF4B-00C04F79EFBC}") = "d1", "d1\d1.csproj", "{642EBF25-4C68-449A-A3C5-35CE287183F1}"
EndProject
Project("{FAE04EC0-301F-11D3-BF4B-00C04F79EFBC}") = "d2", "d2\d2.csproj", "{DD6AB861-190D-4178-9849-B2A168804F71}"
EndProject
Project("{FAE04EC0-301F-11D3-BF4B-00C04F79EFBC}") = "s1", "s1\s1.csproj", "{67B4038B-19B6-401C-817F-A06FD6517ADC}"
EndProject
Global
	GlobalSection(SolutionConfigurationPlatforms) = preSolution
		Debug|Any CPU = Debug|Any CPU
		Release|Any CPU = Release|Any CPU
	EndGlobalSection
	GlobalSection(ProjectConfigurationPlatforms) = postSolution
		{BFF016E8-D959-442E-A196-7A87F32D87ED}.Debug|Any CPU.ActiveCfg = Debug|Any CPU
		{BFF016E8-D959-442E-A196-7A87F32D87ED}.Debug|Any CPU.Build.0 = Debug|Any CPU
		{BFF016E8-D959-442E-A196-7A87F32D87ED}.Release|Any CPU.ActiveCfg = Release|Any CPU
		{BFF016E8-D959-442E-A196-7A87F32D87ED}.Release|Any CPU.Build.0 = Release|Any CPU
		{33C7D7AC-9A0F-4CED-8A53-3B51084059AF}.Debug|Any CPU.ActiveCfg = Debug|Any CPU
		{33C7D7AC-9A0F-4CED-8A53-3B51084059AF}.Debug|Any CPU.Build.0 = Debug|Any CPU
		{33C7D7AC-9A0F-4CED-8A53-3B51084059AF}.Release|Any CPU.ActiveCfg = Release|Any CPU
		{33C7D7AC-9A0F-4CED-8A53-3B51084059AF}.Release|Any CPU.Build.0 = Release|Any CPU
		{B832D7D7-964A-4589-9C53-94DEE391125B}.Debug|Any CPU.ActiveCfg = Debug|Any CPU
		{B832D7D7-964A-4589-9C53-94DEE391125B}.Debug|Any CPU.Build.0 = Debug|Any CPU
		{B832D7D7-964A-4589-9C53-94DEE391125B}.Release|Any CPU.ActiveCfg = Release|Any CPU
		{B832D7D7-964A-4589-9C53-94DEE391125B}.Release|Any CPU.Build.0 = Release|Any CPU
		{642EBF25-4C68-449A-A3C5-35CE287183F1}.Debug|Any CPU.ActiveCfg = Debug|Any CPU
		{642EBF25-4C68-449A-A3C5-35CE287183F1}.Debug|Any CPU.Build.0 = Debug|Any CPU
		{642EBF25-4C68-449A-A3C5-35CE287183F1}.Release|Any CPU.ActiveCfg = Release|Any CPU
		{642EBF25-4C68-449A-A3C5-35CE287183F1}.Release|Any CPU.Build.0 = Release|Any CPU
		{DD6AB861-190D-4178-9849-B2A168804F71}.Debug|Any CPU.ActiveCfg = Debug|Any CPU
		{DD6AB861-190D-4178-9849-B2A168804F71}.Debug|Any CPU.Build.0 = Debug|Any CPU
		{DD6AB861-190D-4178-9849-B2A168804F71}.Release|Any CPU.ActiveCfg = Release|Any CPU
		{DD6AB861-190D-4178-9849-B2A168804F71}.Release|Any CPU.Build.0 = Release|Any CPU
		{67B4038B-19B6-401C-817F-A06FD6517ADC}.Debug|Any CPU.ActiveCfg = Debug|Any CPU
		{67B4038B-19B6-401C-817F-A06FD6517ADC}.Debug|Any CPU.Build.0 = Debug|Any CPU
		{67B4038B-19B6-401C-817F-A06FD6517ADC}.Release|Any CPU.ActiveCfg = Release|Any CPU
		{67B4038B-19B6-401C-817F-A06FD6517ADC}.Release|Any CPU.Build.0 = Release|Any CPU
	EndGlobalSection
	GlobalSection(SolutionProperties) = preSolution
		HideSolutionNode = FALSE
	EndGlobalSection
	GlobalSection(ExtensibilityGlobals) = postSolution
		SolutionGuid = {4DEF0BA5-983A-4F53-BE86-465F9FFF7192}
	EndGlobalSection
EndGlobal
