
Microsoft Visual Studio Solution File, Format Version 12.00
# Visual Studio 15
VisualStudioVersion = 15.0.28010.2048
MinimumVisualStudioVersion = 10.0.40219.1
Project("{FAE04EC0-301F-11D3-BF4B-00C04F79EFBC}") = "enumeration enum", "enumeration enum\enumeration enum.csproj", "{0AE2F972-F43C-4D3F-B5EE-3468D0D39C99}"
EndProject
Project("{FAE04EC0-301F-11D3-BF4B-00C04F79EFBC}") = "flag operation with enum", "flag operation with enum\flag operation with enum.csproj", "{7050F9AA-AF0F-4F4D-9C78-AA77D4A647A7}"
EndProject
Project("{FAE04EC0-301F-11D3-BF4B-00C04F79EFBC}") = "enum", "enum\enum.csproj", "{352202ED-4E8C-454E-8131-8FD254B5021F}"
EndProject
Global
	GlobalSection(SolutionConfigurationPlatforms) = preSolution
		Debug|Any CPU = Debug|Any CPU
		Release|Any CPU = Release|Any CPU
	EndGlobalSection
	GlobalSection(ProjectConfigurationPlatforms) = postSolution
		{0AE2F972-F43C-4D3F-B5EE-3468D0D39C99}.Debug|Any CPU.ActiveCfg = Debug|Any CPU
		{0AE2F972-F43C-4D3F-B5EE-3468D0D39C99}.Debug|Any CPU.Build.0 = Debug|Any CPU
		{0AE2F972-F43C-4D3F-B5EE-3468D0D39C99}.Release|Any CPU.ActiveCfg = Release|Any CPU
		{0AE2F972-F43C-4D3F-B5EE-3468D0D39C99}.Release|Any CPU.Build.0 = Release|Any CPU
		{7050F9AA-AF0F-4F4D-9C78-AA77D4A647A7}.Debug|Any CPU.ActiveCfg = Debug|Any CPU
		{7050F9AA-AF0F-4F4D-9C78-AA77D4A647A7}.Debug|Any CPU.Build.0 = Debug|Any CPU
		{7050F9AA-AF0F-4F4D-9C78-AA77D4A647A7}.Release|Any CPU.ActiveCfg = Release|Any CPU
		{7050F9AA-AF0F-4F4D-9C78-AA77D4A647A7}.Release|Any CPU.Build.0 = Release|Any CPU
		{352202ED-4E8C-454E-8131-8FD254B5021F}.Debug|Any CPU.ActiveCfg = Debug|Any CPU
		{352202ED-4E8C-454E-8131-8FD254B5021F}.Debug|Any CPU.Build.0 = Debug|Any CPU
		{352202ED-4E8C-454E-8131-8FD254B5021F}.Release|Any CPU.ActiveCfg = Release|Any CPU
		{352202ED-4E8C-454E-8131-8FD254B5021F}.Release|Any CPU.Build.0 = Release|Any CPU
	EndGlobalSection
	GlobalSection(SolutionProperties) = preSolution
		HideSolutionNode = FALSE
	EndGlobalSection
	GlobalSection(ExtensibilityGlobals) = postSolution
		SolutionGuid = {BC884771-8111-45B4-A99D-9A96EC584BE2}
	EndGlobalSection
EndGlobal
