
Microsoft Visual Studio Solution File, Format Version 12.00
# Visual Studio 15
VisualStudioVersion = 15.0.28010.2048
MinimumVisualStudioVersion = 10.0.40219.1
Project("{FAE04EC0-301F-11D3-BF4B-00C04F79EFBC}") = "string manipulation", "string manipulation\string manipulation.csproj", "{FF0E69D4-4445-41F1-B4D7-0809B1801DCD}"
EndProject
Project("{FAE04EC0-301F-11D3-BF4B-00C04F79EFBC}") = "string double cw", "string double cw\string double cw.csproj", "{A5E51867-35FD-452E-8B72-A36A50A32598}"
EndProject
Global
	GlobalSection(SolutionConfigurationPlatforms) = preSolution
		Debug|Any CPU = Debug|Any CPU
		Release|Any CPU = Release|Any CPU
	EndGlobalSection
	GlobalSection(ProjectConfigurationPlatforms) = postSolution
		{FF0E69D4-4445-41F1-B4D7-0809B1801DCD}.Debug|Any CPU.ActiveCfg = Debug|Any CPU
		{FF0E69D4-4445-41F1-B4D7-0809B1801DCD}.Debug|Any CPU.Build.0 = Debug|Any CPU
		{FF0E69D4-4445-41F1-B4D7-0809B1801DCD}.Release|Any CPU.ActiveCfg = Release|Any CPU
		{FF0E69D4-4445-41F1-B4D7-0809B1801DCD}.Release|Any CPU.Build.0 = Release|Any CPU
		{A5E51867-35FD-452E-8B72-A36A50A32598}.Debug|Any CPU.ActiveCfg = Debug|Any CPU
		{A5E51867-35FD-452E-8B72-A36A50A32598}.Debug|Any CPU.Build.0 = Debug|Any CPU
		{A5E51867-35FD-452E-8B72-A36A50A32598}.Release|Any CPU.ActiveCfg = Release|Any CPU
		{A5E51867-35FD-452E-8B72-A36A50A32598}.Release|Any CPU.Build.0 = Release|Any CPU
	EndGlobalSection
	GlobalSection(SolutionProperties) = preSolution
		HideSolutionNode = FALSE
	EndGlobalSection
	GlobalSection(ExtensibilityGlobals) = postSolution
		SolutionGuid = {AED04E63-D515-409C-95A7-BADEA0471CF1}
	EndGlobalSection
EndGlobal
