
Microsoft Visual Studio Solution File, Format Version 12.00
# Visual Studio 15
VisualStudioVersion = 15.0.28010.2048
MinimumVisualStudioVersion = 10.0.40219.1
Project("{FAE04EC0-301F-11D3-BF4B-00C04F79EFBC}") = "Students information", "Students information\Students information.csproj", "{20538899-D154-432D-A8B2-C6C6C3B3FB8F}"
EndProject
Global
	GlobalSection(SolutionConfigurationPlatforms) = preSolution
		Debug|Any CPU = Debug|Any CPU
		Release|Any CPU = Release|Any CPU
	EndGlobalSection
	GlobalSection(ProjectConfigurationPlatforms) = postSolution
		{20538899-D154-432D-A8B2-C6C6C3B3FB8F}.Debug|Any CPU.ActiveCfg = Debug|Any CPU
		{20538899-D154-432D-A8B2-C6C6C3B3FB8F}.Debug|Any CPU.Build.0 = Debug|Any CPU
		{20538899-D154-432D-A8B2-C6C6C3B3FB8F}.Release|Any CPU.ActiveCfg = Release|Any CPU
		{20538899-D154-432D-A8B2-C6C6C3B3FB8F}.Release|Any CPU.Build.0 = Release|Any CPU
	EndGlobalSection
	GlobalSection(SolutionProperties) = preSolution
		HideSolutionNode = FALSE
	EndGlobalSection
	GlobalSection(ExtensibilityGlobals) = postSolution
		SolutionGuid = {802C1054-4531-4E9F-8606-1757CBE8E361}
	EndGlobalSection
EndGlobal
