
Microsoft Visual Studio Solution File, Format Version 12.00
# Visual Studio Version 16
VisualStudioVersion = 16.0.30021.99
MinimumVisualStudioVersion = 10.0.40219.1
Project("{FAE04EC0-301F-11D3-BF4B-00C04F79EFBC}") = "Transportation problem", "Transportation problem\Transportation problem.csproj", "{3FC825C2-E329-4FB5-BFF3-1AD224AACF46}"
EndProject
Global
	GlobalSection(SolutionConfigurationPlatforms) = preSolution
		Debug|Any CPU = Debug|Any CPU
		Release|Any CPU = Release|Any CPU
	EndGlobalSection
	GlobalSection(ProjectConfigurationPlatforms) = postSolution
		{3FC825C2-E329-4FB5-BFF3-1AD224AACF46}.Debug|Any CPU.ActiveCfg = Debug|Any CPU
		{3FC825C2-E329-4FB5-BFF3-1AD224AACF46}.Debug|Any CPU.Build.0 = Debug|Any CPU
		{3FC825C2-E329-4FB5-BFF3-1AD224AACF46}.Release|Any CPU.ActiveCfg = Release|Any CPU
		{3FC825C2-E329-4FB5-BFF3-1AD224AACF46}.Release|Any CPU.Build.0 = Release|Any CPU
	EndGlobalSection
	GlobalSection(SolutionProperties) = preSolution
		HideSolutionNode = FALSE
	EndGlobalSection
	GlobalSection(ExtensibilityGlobals) = postSolution
		SolutionGuid = {8A12EC96-61A7-4274-8BE8-13897E697CC6}
	EndGlobalSection
EndGlobal
