
Microsoft Visual Studio Solution File, Format Version 12.00
# Visual Studio Version 16
VisualStudioVersion = 16.0.29409.12
MinimumVisualStudioVersion = 10.0.40219.1
Project("{FAE04EC0-301F-11D3-BF4B-00C04F79EFBC}") = "p1", "p1\p1.csproj", "{77E3DA35-0859-477A-91DD-E579F3D04556}"
EndProject
Project("{FAE04EC0-301F-11D3-BF4B-00C04F79EFBC}") = "t1", "t1\t1.csproj", "{BF9395C3-93B8-4124-91D2-6D772DC8D4A8}"
EndProject
Global
	GlobalSection(SolutionConfigurationPlatforms) = preSolution
		Debug|Any CPU = Debug|Any CPU
		Release|Any CPU = Release|Any CPU
	EndGlobalSection
	GlobalSection(ProjectConfigurationPlatforms) = postSolution
		{77E3DA35-0859-477A-91DD-E579F3D04556}.Debug|Any CPU.ActiveCfg = Debug|Any CPU
		{77E3DA35-0859-477A-91DD-E579F3D04556}.Debug|Any CPU.Build.0 = Debug|Any CPU
		{77E3DA35-0859-477A-91DD-E579F3D04556}.Release|Any CPU.ActiveCfg = Release|Any CPU
		{77E3DA35-0859-477A-91DD-E579F3D04556}.Release|Any CPU.Build.0 = Release|Any CPU
		{BF9395C3-93B8-4124-91D2-6D772DC8D4A8}.Debug|Any CPU.ActiveCfg = Debug|Any CPU
		{BF9395C3-93B8-4124-91D2-6D772DC8D4A8}.Debug|Any CPU.Build.0 = Debug|Any CPU
		{BF9395C3-93B8-4124-91D2-6D772DC8D4A8}.Release|Any CPU.ActiveCfg = Release|Any CPU
		{BF9395C3-93B8-4124-91D2-6D772DC8D4A8}.Release|Any CPU.Build.0 = Release|Any CPU
	EndGlobalSection
	GlobalSection(SolutionProperties) = preSolution
		HideSolutionNode = FALSE
	EndGlobalSection
	GlobalSection(ExtensibilityGlobals) = postSolution
		SolutionGuid = {1470A8E6-FC2D-46B5-A6D4-4DD674DB4E7E}
	EndGlobalSection
EndGlobal
